
Microsoft Visual Studio Solution File, Format Version 12.00
# Visual Studio Version 17
VisualStudioVersion = 17.10.35027.167
MinimumVisualStudioVersion = 10.0.40219.1
Project("{FAE04EC0-301F-11D3-BF4B-00C04F79EFBC}") = "ConsoleApp5", "ConsoleApp5.csproj", "{FE8CE7A2-DBEF-45DC-8A18-541F2DCC6808}"
EndProject
Global
	GlobalSection(SolutionConfigurationPlatforms) = preSolution
		Debug|Any CPU = Debug|Any CPU
		Release|Any CPU = Release|Any CPU
	EndGlobalSection
	GlobalSection(ProjectConfigurationPlatforms) = postSolution
		{FE8CE7A2-DBEF-45DC-8A18-541F2DCC6808}.Debug|Any CPU.ActiveCfg = Debug|Any CPU
		{FE8CE7A2-DBEF-45DC-8A18-541F2DCC6808}.Debug|Any CPU.Build.0 = Debug|Any CPU
		{FE8CE7A2-DBEF-45DC-8A18-541F2DCC6808}.Release|Any CPU.ActiveCfg = Release|Any CPU
		{FE8CE7A2-DBEF-45DC-8A18-541F2DCC6808}.Release|Any CPU.Build.0 = Release|Any CPU
	EndGlobalSection
	GlobalSection(SolutionProperties) = preSolution
		HideSolutionNode = FALSE
	EndGlobalSection
	GlobalSection(ExtensibilityGlobals) = postSolution
		SolutionGuid = {B0A432AF-FAA6-4A17-888C-957880539BD1}
	EndGlobalSection
EndGlobal
